dependencies:
  espressif/mdns:
    component_hash: 9ff9c578fc3a5ea3c68e807233e47f2ce6b2492a92d7a9356ae5c29ab45f0fde
    source:
      service_url: https://api.components.espressif.com/
      type: service
    version: 1.3.0
  idf:
    component_hash: null
    source:
      type: idf
    version: 5.1.2
manifest_hash: cfd3a0291742b0507f46708452d0a404271e443535709dc947676869bba56a14
target: esp32
version: 1.0.0
