dependencies:
  espressif/mdns:
    component_hash: 9ff9c578fc3a5ea3c68e807233e47f2ce6b2492a92d7a9356ae5c29ab45f0fde
    source:
      service_url: https://api.components.espressif.com/
      type: service
    version: 1.3.0
  idf:
    component_hash: null
    source:
      type: idf
    version: 5.2.1
manifest_hash: 096682780daa41ea5c880a65f27cd81c39603bc8216ad5f1d51d2af6cd835efd
target: esp32
version: 1.0.0
